{
  "name": "vue-cron-editor-buefy",
  "version": "0.1.1",
  "lockfileVersion": 1,
  "requires": true,
  "dependencies": {
    "buefy": {
      "version": "0.8.10",
      "resolved": "https://registry.npmjs.org/buefy/-/buefy-0.8.10.tgz",
      "integrity": "sha512-Lw/UP3Ku7o+oqam9TIoRMG5SrytGQwXWAoxAtqt6Wb9eSsMEqp/5o+jZnz8oteR06YWgjdSIfOv2YeEdjEkQCg==",
      "requires": {
        "bulma": "0.7.5"
      }
    },
    "bulma": {
      "version": "0.7.5",
      "resolved": "https://registry.npmjs.org/bulma/-/bulma-0.7.5.tgz",
      "integrity": "sha512-cX98TIn0I6sKba/DhW0FBjtaDpxTelU166pf7ICXpCCuplHWyu6C9LYZmL5PEsnePIeJaiorsTEzzNk3Tsm1hw=="
    },
    "core-js": {
      "version": "3.6.4",
      "resolved": "https://registry.npmjs.org/core-js/-/core-js-3.6.4.tgz",
      "integrity": "sha512-4paDGScNgZP2IXXilaffL9X7968RuvwlkK3xWtZRVqgd8SYNiVKRJvkFd1aqqEuPfN7E68ZHEp9hDj6lHj4Hyw=="
    },
    "cron-validator": {
      "version": "1.1.0",
      "resolved": "https://registry.npmjs.org/cron-validator/-/cron-validator-1.1.0.tgz",
      "integrity": "sha512-L04f8pyhc5BFHVF7cS4kGkeQcNZ3Vpn5tNMhBY2yxvOvG+FdPNz9YpNwoF6Au7gRcIC4Z6rJmp/mhchdwlf6cw=="
    },
    "vue": {
      "version": "2.6.11",
      "resolved": "https://registry.npmjs.org/vue/-/vue-2.6.11.tgz",
      "integrity": "sha512-VfPwgcGABbGAue9+sfrD4PuwFar7gPb1yl1UK1MwXoQPAw0BKSqWfoYCT/ThFrdEVWoI51dBuyCoiNU9bZDZxQ=="
    },
    "vue-cron-editor-core": {
      "version": "file:../core/vue-cron-editor-core-0.1.0.tgz",
      "integrity": "sha512-9mOV91WPjzAe9j1wLusyV8bLXDNzUR9hknoZc7lpxSm8RE4bx/gr2SBIKvu+a1SLqBgkU165Hu/saAC+fkO9Uw==",
      "requires": {
        "cron-validator": "^1.1.0",
        "vue": "^2.6.10"
      }
    }
  }
}
